
Microsoft Visual Studio Solution File, Format Version 12.00
# Visual Studio 15
VisualStudioVersion = 15.0.26228.9
MinimumVisualStudioVersion = 10.0.40219.1
Project("{FAE04EC0-301F-11D3-BF4B-00C04F79EFBC}") = "Playground", "FluentWPF\Playground.csproj", "{A1354336-4F8C-48B6-B35E-40730649D9FC}"
EndProject
Project("{FAE04EC0-301F-11D3-BF4B-00C04F79EFBC}") = "FluentWPFAPI", "FluentWPFAPI\FluentWPFAPI.csproj", "{C8FCE50A-A604-464D-AE72-DC35A5A1370A}"
EndProject
Global
	GlobalSection(SolutionConfigurationPlatforms) = preSolution
		Debug|Any CPU = Debug|Any CPU
		Release|Any CPU = Release|Any CPU
	EndGlobalSection
	GlobalSection(ProjectConfigurationPlatforms) = postSolution
		{A1354336-4F8C-48B6-B35E-40730649D9FC}.Debug|Any CPU.ActiveCfg = Debug|Any CPU
		{A1354336-4F8C-48B6-B35E-40730649D9FC}.Debug|Any CPU.Build.0 = Debug|Any CPU
		{A1354336-4F8C-48B6-B35E-40730649D9FC}.Release|Any CPU.ActiveCfg = Release|Any CPU
		{A1354336-4F8C-48B6-B35E-40730649D9FC}.Release|Any CPU.Build.0 = Release|Any CPU
		{C8FCE50A-A604-464D-AE72-DC35A5A1370A}.Debug|Any CPU.ActiveCfg = Debug|Any CPU
		{C8FCE50A-A604-464D-AE72-DC35A5A1370A}.Debug|Any CPU.Build.0 = Debug|Any CPU
		{C8FCE50A-A604-464D-AE72-DC35A5A1370A}.Release|Any CPU.ActiveCfg = Release|Any CPU
		{C8FCE50A-A604-464D-AE72-DC35A5A1370A}.Release|Any CPU.Build.0 = Release|Any CPU
	EndGlobalSection
	GlobalSection(SolutionProperties) = preSolution
		HideSolutionNode = FALSE
	EndGlobalSection
EndGlobal
